<?xml version="1.0" encoding="utf-8"?>
<Project ToolsVersion="4.0" xmlns="http://schemas.microsoft.com/developer/msbuild/2003">
  <ItemGroup>
    <Filter Include="Source Files">
      <UniqueIdentifier>{4FC737F1-C7A5-4376-A066-2A32D752A2FF}</UniqueIdentifier>
      <Extensions>cpp;c;cc;cxx;c++;cppm;ixx;def;odl;idl;hpj;bat;asm;asmx</Extensions>
    </Filter>
    <Filter Include="Header Files">
      <UniqueIdentifier>{93995380-89BD-4b04-88EB-625FBE52EBFB}</UniqueIdentifier>
      <Extensions>h;hh;hpp;hxx;h++;hm;inl;inc;ipp;xsd</Extensions>
    </Filter>
    <Filter Include="Resource Files">
      <UniqueIdentifier>{67DA6AB6-F800-4c08-8B7A-83BB121AAD01}</UniqueIdentifier>
      <Extensions>rc;ico;cur;bmp;dlg;rc2;rct;bin;rgs;gif;jpg;jpeg;jpe;resx;tiff;tif;png;wav;mfcribbon-ms</Extensions>
    </Filter>
  </ItemGroup>
  <ItemGroup>
    <ClCompile Include="Source.cpp">
      <Filter>Source Files</Filter>
    </ClCompile>
    <ClCompile Include="A. Helpful Maths.cpp">
      <Filter>Source Files</Filter>
    </ClCompile>
    <ClCompile Include="A. Word Capitalization.cpp">
      <Filter>Source Files</Filter>
    </ClCompile>
    <ClCompile Include="A. Bear and Big Brother.cpp">
      <Filter>Source Files</Filter>
    </ClCompile>
    <ClCompile Include="A. Soldier and Bananas.cpp">
      <Filter>Source Files</Filter>
    </ClCompile>
    <ClCompile Include="A. Elephant.cpp">
      <Filter>Source Files</Filter>
    </ClCompile>
    <ClCompile Include="A. Word.cpp">
      <Filter>Source Files</Filter>
    </ClCompile>
    <ClCompile Include="A. Wrong Subtraction.cpp">
      <Filter>Source Files</Filter>
    </ClCompile>
    <ClCompile Include="A. Tram.cpp">
      <Filter>Source Files</Filter>
    </ClCompile>
    <ClCompile Include="A. Translation.cpp">
      <Filter>Source Files</Filter>
    </ClCompile>
    <ClCompile Include="A. Anton and Danik.cpp">
      <Filter>Source Files</Filter>
    </ClCompile>
    <ClCompile Include="A. Beautiful Year.cpp">
      <Filter>Source Files</Filter>
    </ClCompile>
    <ClCompile Include="A. George and Accommodation.cpp">
      <Filter>Source Files</Filter>
    </ClCompile>
    <ClCompile Include="A. Presents.cpp">
      <Filter>Source Files</Filter>
    </ClCompile>
    <ClCompile Include="A. Magnets.cpp">
      <Filter>Source Files</Filter>
    </ClCompile>
    <ClCompile Include="A. In Search of an Easy Problem.cpp">
      <Filter>Source Files</Filter>
    </ClCompile>
    <ClCompile Include="A. Ultra-Fast Mathematician.cpp">
      <Filter>Source Files</Filter>
    </ClCompile>
    <ClCompile Include="A. Hulk.cpp">
      <Filter>Source Files</Filter>
    </ClCompile>
    <ClCompile Include="A. Is your horseshoe on the other hoof.cpp">
      <Filter>Source Files</Filter>
    </ClCompile>
    <ClCompile Include="A. I Wanna Be the Guy.cpp">
      <Filter>Source Files</Filter>
    </ClCompile>
    <ClCompile Include="A. Insomnia cure.cpp">
      <Filter>Source Files</Filter>
    </ClCompile>
    <ClCompile Include="A. Arrival of the General.cpp">
      <Filter>Source Files</Filter>
    </ClCompile>
    <ClCompile Include="A. Divisibility Problem.cpp">
      <Filter>Source Files</Filter>
    </ClCompile>
    <ClCompile Include="A. Boy or Girl.cpp">
      <Filter>Source Files</Filter>
    </ClCompile>
    <ClCompile Include="A. Nearly Lucky Number.cpp">
      <Filter>Source Files</Filter>
    </ClCompile>
    <ClCompile Include="Source1.cpp">
      <Filter>Source Files</Filter>
    </ClCompile>
    <ClCompile Include="A. Games.cpp">
      <Filter>Source Files</Filter>
    </ClCompile>
    <ClCompile Include="A. Hit the Lottery.cpp">
      <Filter>Source Files</Filter>
    </ClCompile>
    <ClCompile Include="A. Anton and Polyhedrons.cpp">
      <Filter>Source Files</Filter>
    </ClCompile>
    <ClCompile Include="A. Fox And Snake.cpp">
      <Filter>Source Files</Filter>
    </ClCompile>
    <ClCompile Include="A. I_love_username.cpp">
      <Filter>Source Files</Filter>
    </ClCompile>
    <ClCompile Include="A. New Year and Hurry.cpp">
      <Filter>Source Files</Filter>
    </ClCompile>
    <ClCompile Include="A. Vasya the Hipster.cpp">
      <Filter>Source Files</Filter>
    </ClCompile>
    <ClCompile Include="A. Police Recruits.cpp">
      <Filter>Source Files</Filter>
    </ClCompile>
    <ClCompile Include="Source2.cpp">
      <Filter>Source Files</Filter>
    </ClCompile>
    <ClCompile Include="A. Restoring Three Numbers.cpp">
      <Filter>Source Files</Filter>
    </ClCompile>
    <ClCompile Include="A. Sum of Round Numbers.cpp">
      <Filter>Source Files</Filter>
    </ClCompile>
    <ClCompile Include="Source3.cpp">
      <Filter>Source Files</Filter>
    </ClCompile>
    <ClCompile Include="A. Short Substrings.cpp">
      <Filter>Source Files</Filter>
    </ClCompile>
    <ClCompile Include="A. The New Year Meeting Friends.cpp">
      <Filter>Source Files</Filter>
    </ClCompile>
    <ClCompile Include="A. Holiday Of Equality.cpp">
      <Filter>Source Files</Filter>
    </ClCompile>
    <ClCompile Include="A. Mishka and Game.cpp">
      <Filter>Source Files</Filter>
    </ClCompile>
    <ClCompile Include="A. Spy Detected!.cpp">
      <Filter>Source Files</Filter>
    </ClCompile>
    <ClCompile Include="A. Buy a Shovel.cpp">
      <Filter>Source Files</Filter>
    </ClCompile>
    <ClCompile Include="A. Domino piling.cpp">
      <Filter>Source Files</Filter>
    </ClCompile>
    <ClCompile Include="A. Minimal Square.cpp">
      <Filter>Source Files</Filter>
    </ClCompile>
    <ClCompile Include="Source4.cpp">
      <Filter>Source Files</Filter>
    </ClCompile>
    <ClCompile Include="A. Learn from Math.cpp">
      <Filter>Source Files</Filter>
    </ClCompile>
    <ClCompile Include="A. Yet Another Two Integers Problem.cpp">
      <Filter>Source Files</Filter>
    </ClCompile>
    <ClCompile Include="A. %28uncom%29Candies and Two Sisters.cpp">
      <Filter>Source Files</Filter>
    </ClCompile>
    <ClCompile Include="A. Remove Smallest.cpp">
      <Filter>Source Files</Filter>
    </ClCompile>
    <ClCompile Include="A. Required Remainder.cpp">
      <Filter>Source Files</Filter>
    </ClCompile>
    <ClCompile Include="Source5.cpp">
      <Filter>Source Files</Filter>
    </ClCompile>
  </ItemGroup>
</Project>