
Microsoft Visual Studio Solution File, Format Version 12.00
# Visual Studio Version 17
VisualStudioVersion = 17.0.31912.275
MinimumVisualStudioVersion = 10.0.40219.1
Project("{8BC9CEB8-8B4A-11D0-8D11-00A0C91BC942}") = "Problemset", "Problemset\Problemset.vcxproj", "{F319D34E-ADD0-47E2-AE9C-3970E7DCEF26}"
EndProject
Project("{8BC9CEB8-8B4A-11D0-8D11-00A0C91BC942}") = "Project1", "Project1\Project1.vcxproj", "{E7890885-309F-4228-95E7-F4D15DE42384}"
EndProject
Global
	GlobalSection(SolutionConfigurationPlatforms) = preSolution
		Debug|x64 = Debug|x64
		Debug|x86 = Debug|x86
		Release|x64 = Release|x64
		Release|x86 = Release|x86
	EndGlobalSection
	GlobalSection(ProjectConfigurationPlatforms) = postSolution
		{F319D34E-ADD0-47E2-AE9C-3970E7DCEF26}.Debug|x64.ActiveCfg = Debug|x64
		{F319D34E-ADD0-47E2-AE9C-3970E7DCEF26}.Debug|x64.Build.0 = Debug|x64
		{F319D34E-ADD0-47E2-AE9C-3970E7DCEF26}.Debug|x86.ActiveCfg = Debug|Win32
		{F319D34E-ADD0-47E2-AE9C-3970E7DCEF26}.Debug|x86.Build.0 = Debug|Win32
		{F319D34E-ADD0-47E2-AE9C-3970E7DCEF26}.Release|x64.ActiveCfg = Release|x64
		{F319D34E-ADD0-47E2-AE9C-3970E7DCEF26}.Release|x64.Build.0 = Release|x64
		{F319D34E-ADD0-47E2-AE9C-3970E7DCEF26}.Release|x86.ActiveCfg = Release|Win32
		{F319D34E-ADD0-47E2-AE9C-3970E7DCEF26}.Release|x86.Build.0 = Release|Win32
		{E7890885-309F-4228-95E7-F4D15DE42384}.Debug|x64.ActiveCfg = Debug|x64
		{E7890885-309F-4228-95E7-F4D15DE42384}.Debug|x64.Build.0 = Debug|x64
		{E7890885-309F-4228-95E7-F4D15DE42384}.Debug|x86.ActiveCfg = Debug|Win32
		{E7890885-309F-4228-95E7-F4D15DE42384}.Debug|x86.Build.0 = Debug|Win32
		{E7890885-309F-4228-95E7-F4D15DE42384}.Release|x64.ActiveCfg = Release|x64
		{E7890885-309F-4228-95E7-F4D15DE42384}.Release|x64.Build.0 = Release|x64
		{E7890885-309F-4228-95E7-F4D15DE42384}.Release|x86.ActiveCfg = Release|Win32
		{E7890885-309F-4228-95E7-F4D15DE42384}.Release|x86.Build.0 = Release|Win32
	EndGlobalSection
	GlobalSection(SolutionProperties) = preSolution
		HideSolutionNode = FALSE
	EndGlobalSection
	GlobalSection(ExtensibilityGlobals) = postSolution
		SolutionGuid = {BA8E96C7-1A33-485C-9F76-19E91B8FB30C}
	EndGlobalSection
EndGlobal
